
Microsoft Visual Studio Solution File, Format Version 12.00
# Visual Studio Version 16
VisualStudioVersion = 16.0.31205.134
MinimumVisualStudioVersion = 10.0.40219.1
Project("{FAE04EC0-301F-11D3-BF4B-00C04F79EFBC}") = "physical_therapy_system", "physical_therapy_system\physical_therapy_system.csproj", "{13602247-E8E9-4667-BF95-742EC3916F6F}"
EndProject
Global
	GlobalSection(SolutionConfigurationPlatforms) = preSolution
		Debug|Any CPU = Debug|Any CPU
		Release|Any CPU = Release|Any CPU
	EndGlobalSection
	GlobalSection(ProjectConfigurationPlatforms) = postSolution
		{13602247-E8E9-4667-BF95-742EC3916F6F}.Debug|Any CPU.ActiveCfg = Debug|Any CPU
		{13602247-E8E9-4667-BF95-742EC3916F6F}.Debug|Any CPU.Build.0 = Debug|Any CPU
		{13602247-E8E9-4667-BF95-742EC3916F6F}.Release|Any CPU.ActiveCfg = Release|Any CPU
		{13602247-E8E9-4667-BF95-742EC3916F6F}.Release|Any CPU.Build.0 = Release|Any CPU
	EndGlobalSection
	GlobalSection(SolutionProperties) = preSolution
		HideSolutionNode = FALSE
	EndGlobalSection
	GlobalSection(ExtensibilityGlobals) = postSolution
		SolutionGuid = {B37E2DBE-F951-40AA-8414-FF63FB5957AC}
	EndGlobalSection
EndGlobal
